# This is a Gradle generated file for dependency locking.
# Manual edits can break the build and are not advised.
# This file is expected to be part of source control.
com.fasterxml.jackson.core:jackson-annotations:2.19.1=classpath
com.fasterxml.jackson.core:jackson-core:2.19.1=classpath
com.fasterxml.jackson.core:jackson-databind:2.19.1=classpath
com.fasterxml.jackson.module:jackson-module-parameter-names:2.19.1=classpath
com.fasterxml.jackson:jackson-bom:2.19.1=classpath
com.github.spotbugs.snom:spotbugs-gradle-plugin:5.2.1=classpath
com.github.spotbugs:com.github.spotbugs.gradle.plugin:5.2.1=classpath
com.github.zafarkhaja:java-semver:0.9.0=classpath
com.google.code.findbugs:jsr305:3.0.2=classpath
com.googlecode.javaewah:JavaEWAH:1.1.12=classpath
com.jcraft:jsch.agentproxy.connector-factory:0.0.7=classpath
com.jcraft:jsch.agentproxy.core:0.0.7=classpath
com.jcraft:jsch.agentproxy.pageant:0.0.7=classpath
com.jcraft:jsch.agentproxy.sshagent:0.0.7=classpath
com.jcraft:jsch.agentproxy.svnkit-trilead-ssh2:0.0.7=classpath
com.jcraft:jsch.agentproxy.usocket-jna:0.0.7=classpath
com.jcraft:jsch.agentproxy.usocket-nc:0.0.7=classpath
com.jcraft:jzlib:1.1.2=classpath
com.netflix.nebula.project:com.netflix.nebula.project.gradle.plugin:10.1.5=classpath
com.netflix.nebula:gradle-contacts-plugin:7.0.1=classpath
com.netflix.nebula:gradle-dependency-lock-plugin:13.2.2=classpath
com.netflix.nebula:gradle-info-plugin:12.1.4=classpath
com.netflix.nebula:gradle-lint-plugin:21.0.0=classpath
com.netflix.nebula:gradle-scm-plugin:7.0.0=classpath
com.netflix.nebula:nebula-dependencies-comparison:0.2.1=classpath
com.netflix.nebula:nebula-gradle-interop:3.0.0=classpath
com.netflix.nebula:nebula-project-plugin:10.1.5=classpath
com.netflix.nebula:nebula-publishing-plugin:20.3.0=classpath
com.netflix.nebula:nebula-release-plugin:17.2.2=classpath
com.perforce:p4java:2015.2.1365273=classpath
com.squareup.moshi:moshi:1.12.0=classpath
com.squareup.okio:okio:2.10.0=classpath
com.trilead:trilead-ssh2:1.0.0-build220=classpath
commons-codec:commons-codec:1.17.1=classpath
commons-io:commons-io:2.16.1=classpath
de.regnis.q.sequence:sequence-library:1.0.3=classpath
io.franzbecker.gradle-lombok:io.franzbecker.gradle-lombok.gradle.plugin:5.0.0=classpath
io.franzbecker:gradle-lombok:5.0.0=classpath
io.spring.gradle:dependency-management-plugin:1.1.7=classpath
javax.inject:javax.inject:1=classpath
joda-time:joda-time:2.10=classpath
nebula.lint:nebula.lint.gradle.plugin:21.0.0=classpath
nebula.release:nebula.release.gradle.plugin:17.2.2=classpath
net.java.dev.jna:jna-platform:5.17.0=classpath
net.java.dev.jna:jna:5.17.0=classpath
net.java.dev.jna:platform:3.4.0=classpath
org.ajoberstar.grgit:grgit-core:4.1.1=classpath
org.antlr:antlr-runtime:3.4=classpath
org.antlr:antlr4-runtime:4.7.2=classpath
org.apache.commons:commons-compress:1.27.1=classpath
org.apache.commons:commons-lang3:3.16.0=classpath
org.apache.httpcomponents.client5:httpclient5:5.5=classpath
org.apache.httpcomponents.core5:httpcore5-h2:5.3.4=classpath
org.apache.httpcomponents.core5:httpcore5:5.3.4=classpath
org.apache.maven:maven-artifact:3.8.3=classpath
org.apache.maven:maven-builder-support:3.8.3=classpath
org.apache.maven:maven-model-builder:3.8.3=classpath
org.apache.maven:maven-model:3.8.3=classpath
org.codehaus.gpars:gpars:1.2.1=classpath
org.codehaus.jsr166-mirror:jsr166y:1.7.0=classpath
org.codehaus.plexus:plexus-interpolation:1.26=classpath
org.codehaus.plexus:plexus-utils:3.3.0=classpath
org.eclipse.jgit:org.eclipse.jgit:5.13.0.202109080827-r=classpath
org.eclipse.sisu:org.eclipse.sisu.inject:0.3.5=classpath
org.jetbrains.kotlin:kotlin-stdlib-common:2.2.0=classpath
org.jetbrains.kotlin:kotlin-stdlib-jdk7:1.8.0=classpath
org.jetbrains.kotlin:kotlin-stdlib-jdk8:1.8.0=classpath
org.jetbrains.kotlin:kotlin-stdlib:2.2.0=classpath
org.jetbrains:annotations:13.0=classpath
org.multiverse:multiverse-core:0.7.0=classpath
org.slf4j:slf4j-api:1.7.36=classpath
org.springframework.boot:org.springframework.boot.gradle.plugin:3.5.3=classpath
org.springframework.boot:spring-boot-buildpack-platform:3.5.3=classpath
org.springframework.boot:spring-boot-gradle-plugin:3.5.3=classpath
org.springframework.boot:spring-boot-loader-tools:3.5.3=classpath
org.springframework:spring-core:6.2.8=classpath
org.springframework:spring-jcl:6.2.8=classpath
org.tmatesoft.sqljet:sqljet:1.1.10=classpath
org.tmatesoft.svnkit:svnkit:1.8.12=classpath
org.tomlj:tomlj:1.0.0=classpath
empty=
